
Microsoft Visual Studio Solution File, Format Version 12.00
# Visual Studio Version 17
VisualStudioVersion = 17.1.32414.318
MinimumVisualStudioVersion = 10.0.40219.1
Project("{FAE04EC0-301F-11D3-BF4B-00C04F79EFBC}") = "Sample", "Sample\Sample.csproj", "{3DB699F5-DE7F-417D-A7DD-2CA17FADCF89}"
EndProject
Global
	GlobalSection(SolutionConfigurationPlatforms) = preSolution
		Debug|Any CPU = Debug|Any CPU
		Release|Any CPU = Release|Any CPU
	EndGlobalSection
	GlobalSection(ProjectConfigurationPlatforms) = postSolution
		{3DB699F5-DE7F-417D-A7DD-2CA17FADCF89}.Debug|Any CPU.ActiveCfg = Debug|Any CPU
		{3DB699F5-DE7F-417D-A7DD-2CA17FADCF89}.Debug|Any CPU.Build.0 = Debug|Any CPU
		{3DB699F5-DE7F-417D-A7DD-2CA17FADCF89}.Release|Any CPU.ActiveCfg = Release|Any CPU
		{3DB699F5-DE7F-417D-A7DD-2CA17FADCF89}.Release|Any CPU.Build.0 = Release|Any CPU
	EndGlobalSection
	GlobalSection(SolutionProperties) = preSolution
		HideSolutionNode = FALSE
	EndGlobalSection
	GlobalSection(ExtensibilityGlobals) = postSolution
		SolutionGuid = {67A2C933-5862-496A-B18B-264FDF83BAB1}
	EndGlobalSection
EndGlobal
